
Microsoft Visual Studio Solution File, Format Version 12.00
# Visual Studio Version 17
VisualStudioVersion = 17.5.002.0
MinimumVisualStudioVersion = 10.0.40219.1
Project("{9A19103F-16F7-4668-BE54-9A1E7A4F7556}") = "fashion-web-api", "fashion-web-api.csproj", "{8C9767E0-DAB7-4235-9C70-09688358DAB6}"
EndProject
Global
	GlobalSection(SolutionConfigurationPlatforms) = preSolution
		Debug|Any CPU = Debug|Any CPU
		Release|Any CPU = Release|Any CPU
	EndGlobalSection
	GlobalSection(ProjectConfigurationPlatforms) = postSolution
		{8C9767E0-DAB7-4235-9C70-09688358DAB6}.Debug|Any CPU.ActiveCfg = Debug|Any CPU
		{8C9767E0-DAB7-4235-9C70-09688358DAB6}.Debug|Any CPU.Build.0 = Debug|Any CPU
		{8C9767E0-DAB7-4235-9C70-09688358DAB6}.Release|Any CPU.ActiveCfg = Release|Any CPU
		{8C9767E0-DAB7-4235-9C70-09688358DAB6}.Release|Any CPU.Build.0 = Release|Any CPU
	EndGlobalSection
	GlobalSection(SolutionProperties) = preSolution
		HideSolutionNode = FALSE
	EndGlobalSection
	GlobalSection(ExtensibilityGlobals) = postSolution
		SolutionGuid = {58886D92-B986-4314-B255-6DA9C4862D48}
	EndGlobalSection
EndGlobal
